
Microsoft Visual Studio Solution File, Format Version 12.00
# Visual Studio Version 17
VisualStudioVersion = 17.5.33530.505
MinimumVisualStudioVersion = 10.0.40219.1
Project("{FAE04EC0-301F-11D3-BF4B-00C04F79EFBC}") = "Symbolic Tool for VR", "Symbolic Tool for VR\Symbolic Tool for VR.csproj", "{574DB663-C8A8-43FF-9D9F-8D570140011B}"
EndProject
Global
	GlobalSection(SolutionConfigurationPlatforms) = preSolution
		Debug|Any CPU = Debug|Any CPU
		Release|Any CPU = Release|Any CPU
	EndGlobalSection
	GlobalSection(ProjectConfigurationPlatforms) = postSolution
		{574DB663-C8A8-43FF-9D9F-8D570140011B}.Debug|Any CPU.ActiveCfg = Debug|Any CPU
		{574DB663-C8A8-43FF-9D9F-8D570140011B}.Debug|Any CPU.Build.0 = Debug|Any CPU
		{574DB663-C8A8-43FF-9D9F-8D570140011B}.Release|Any CPU.ActiveCfg = Release|Any CPU
		{574DB663-C8A8-43FF-9D9F-8D570140011B}.Release|Any CPU.Build.0 = Release|Any CPU
	EndGlobalSection
	GlobalSection(SolutionProperties) = preSolution
		HideSolutionNode = FALSE
	EndGlobalSection
	GlobalSection(ExtensibilityGlobals) = postSolution
		SolutionGuid = {91853AEE-4DF3-4AC4-995A-447710081C06}
	EndGlobalSection
EndGlobal
